// !$*UTF8*$!
{
	archiveVersion = 1;
	classes = {
	};
	objectVersion = 50;
	objects = {

/* Begin PBXBuildFile section */
		B38906C522D38B9C00DC4158 /* AppDelegate.swift in Sources */ = {isa = PBXBuildFile; fileRef = B38906C422D38B9C00DC4158 /* AppDelegate.swift */; };
		B38906C722D38B9C00DC4158 /* ViewController.swift in Sources */ = {isa = PBXBuildFile; fileRef = B38906C622D38B9C00DC4158 /* ViewController.swift */; };
		B38906CA22D38B9C00DC4158 /* Main.storyboard in Resources */ = {isa = PBXBuildFile; fileRef = B38906C822D38B9C00DC4158 /* Main.storyboard */; };
		B38906CC22D38B9D00DC4158 /* Assets.xcassets in Resources */ = {isa = PBXBuildFile; fileRef = B38906CB22D38B9D00DC4158 /* Assets.xcassets */; };
		B38906CF22D38B9D00DC4158 /* LaunchScreen.storyboard in Resources */ = {isa = PBXBuildFile; fileRef = B38906CD22D38B9D00DC4158 /* LaunchScreen.storyboard */; };
		B38906DA22D38B9D00DC4158 /* Git_R_DoneTests.swift in Sources */ = {isa = PBXBuildFile; fileRef = B38906D922D38B9D00DC4158 /* Git_R_DoneTests.swift */; };
		B38906E522D38B9D00DC4158 /* Git_R_DoneUITests.swift in Sources */ = {isa = PBXBuildFile; fileRef = B38906E422D38B9D00DC4158 /* Git_R_DoneUITests.swift */; };
/* End PBXBuildFile section */

/* Begin PBXContainerItemProxy section */
		B38906D622D38B9D00DC4158 /* PBXContainerItemProxy */ = {
			isa = PBXContainerItemProxy;
			containerPortal = B38906B922D38B9C00DC4158 /* Project object */;
			proxyType = 1;
			remoteGlobalIDString = B38906C022D38B9C00DC4158;
			remoteInfo = "Git-R-Done";
		};
		B38906E122D38B9D00DC4158 /* PBXContainerItemProxy */ = {
			isa = PBXContainerItemProxy;
			containerPortal = B38906B922D38B9C00DC4158 /* Project object */;
			proxyType = 1;
			remoteGlobalIDString = B38906C022D38B9C00DC4158;
			remoteInfo = "Git-R-Done";
		};
/* End PBXContainerItemProxy section */

/* Begin PBXFileReference section */
		B38906C122D38B9C00DC4158 /* Git-R-Done.app */ = {isa = PBXFileReference; explicitFileType = wrapper.application; includeInIndex = 0; path = "Git-R-Done.app"; sourceTree = BUILT_PRODUCTS_DIR; };
		B38906C422D38B9C00DC4158 /* AppDelegate.swift */ = {isa = PBXFileReference; lastKnownFileType = sourcecode.swift; path = AppDelegate.swift; sourceTree = "<group>"; };
		B38906C622D38B9C00DC4158 /* ViewController.swift */ = {isa = PBXFileReference; lastKnownFileType = sourcecode.swift; path = ViewController.swift; sourceTree = "<group>"; };
		B38906C922D38B9C00DC4158 /* Base */ = {isa = PBXFileReference; lastKnownFileType = file.storyboard; name = Base; path = Base.lproj/Main.storyboard; sourceTree = "<group>"; };
		B38906CB22D38B9D00DC4158 /* Assets.xcassets */ = {isa = PBXFileReference; lastKnownFileType = folder.assetcatalog; path = Assets.xcassets; sourceTree = "<group>"; };
		B38906CE22D38B9D00DC4158 /* Base */ = {isa = PBXFileReference; lastKnownFileType = file.storyboard; name = Base; path = Base.lproj/LaunchScreen.storyboard; sourceTree = "<group>"; };
		B38906D022D38B9D00DC4158 /* Info.plist */ = {isa = PBXFileReference; lastKnownFileType = text.plist.xml; path = Info.plist; sourceTree = "<group>"; };
		B38906D522D38B9D00DC4158 /* Git-R-DoneTests.xctest */ = {isa = PBXFileReference; explicitFileType = wrapper.cfbundle; includeInIndex = 0; path = "Git-R-DoneTests.xctest"; sourceTree = BUILT_PRODUCTS_DIR; };
		B38906D922D38B9D00DC4158 /* Git_R_DoneTests.swift */ = {isa = PBXFileReference; lastKnownFileType = sourcecode.swift; path = Git_R_DoneTests.swift; sourceTree = "<group>"; };
		B38906DB22D38B9D00DC4158 /* Info.plist */ = {isa = PBXFileReference; lastKnownFileType = text.plist.xml; path = Info.plist; sourceTree = "<group>"; };
		B38906E022D38B9D00DC4158 /* Git-R-DoneUITests.xctest */ = {isa = PBXFileReference; explicitFileType = wrapper.cfbundle; includeInIndex = 0; path = "Git-R-DoneUITests.xctest"; sourceTree = BUILT_PRODUCTS_DIR; };
		B38906E422D38B9D00DC4158 /* Git_R_DoneUITests.swift */ = {isa = PBXFileReference; lastKnownFileType = sourcecode.swift; path = Git_R_DoneUITests.swift; sourceTree = "<group>"; };
		B38906E622D38B9D00DC4158 /* Info.plist */ = {isa = PBXFileReference; lastKnownFileType = text.plist.xml; path = Info.plist; sourceTree = "<group>"; };
/* End PBXFileReference section */

/* Begin PBXFrameworksBuildPhase section */
		B38906BE22D38B9C00DC4158 /* Frameworks */ = {
			isa = PBXFrameworksBuildPhase;
			buildActionMask = 2147483647;
			files = (
			);
			runOnlyForDeploymentPostprocessing = 0;
		};
		B38906D222D38B9D00DC4158 /* Frameworks */ = {
			isa = PBXFrameworksBuildPhase;
			buildActionMask = 2147483647;
			files = (
			);
			runOnlyForDeploymentPostprocessing = 0;
		};
		B38906DD22D38B9D00DC4158 /* Frameworks */ = {
			isa = PBXFrameworksBuildPhase;
			buildActionMask = 2147483647;
			files = (
			);
			runOnlyForDeploymentPostprocessing = 0;
		};
/* End PBXFrameworksBuildPhase section */

/* Begin PBXGroup section */
		B38906B822D38B9C00DC4158 = {
			isa = PBXGroup;
			children = (
				B38906C322D38B9C00DC4158 /* Git-R-Done */,
				B38906D822D38B9D00DC4158 /* Git-R-DoneTests */,
				B38906E322D38B9D00DC4158 /* Git-R-DoneUITests */,
				B38906C222D38B9C00DC4158 /* Products */,
			);
			sourceTree = "<group>";
		};
		B38906C222D38B9C00DC4158 /* Products */ = {
			isa = PBXGroup;
			children = (
				B38906C122D38B9C00DC4158 /* Git-R-Done.app */,
				B38906D522D38B9D00DC4158 /* Git-R-DoneTests.xctest */,
				B38906E022D38B9D00DC4158 /* Git-R-DoneUITests.xctest */,
			);
			name = Products;
			sourceTree = "<group>";
		};
		B38906C322D38B9C00DC4158 /* Git-R-Done */ = {
			isa = PBXGroup;
			children = (
				B38906C422D38B9C00DC4158 /* AppDelegate.swift */,
				B38906C622D38B9C00DC4158 /* ViewController.swift */,
				B38906C822D38B9C00DC4158 /* Main.storyboard */,
				B38906CB22D38B9D00DC4158 /* Assets.xcassets */,
				B38906CD22D38B9D00DC4158 /* LaunchScreen.storyboard */,
				B38906D022D38B9D00DC4158 /* Info.plist */,
			);
			path = "Git-R-Done";
			sourceTree = "<group>";
		};
		B38906D822D38B9D00DC4158 /* Git-R-DoneTests */ = {
			isa = PBXGroup;
			children = (
				B38906D922D38B9D00DC4158 /* Git_R_DoneTests.swift */,
				B38906DB22D38B9D00DC4158 /* Info.plist */,
			);
			path = "Git-R-DoneTests";
			sourceTree = "<group>";
		};
		B38906E322D38B9D00DC4158 /* Git-R-DoneUITests */ = {
			isa = PBXGroup;
			children = (
				B38906E422D38B9D00DC4158 /* Git_R_DoneUITests.swift */,
				B38906E622D38B9D00DC4158 /* Info.plist */,
			);
			path = "Git-R-DoneUITests";
			sourceTree = "<group>";
		};
/* End PBXGroup section */

/* Begin PBXNativeTarget section */
		B38906C022D38B9C00DC4158 /* Git-R-Done */ = {
			isa = PBXNativeTarget;
			buildConfigurationList = B38906E922D38B9D00DC4158 /* Build configuration list for PBXNativeTarget "Git-R-Done" */;
			buildPhases = (
				B38906BD22D38B9C00DC4158 /* Sources */,
				B38906BE22D38B9C00DC4158 /* Frameworks */,
				B38906BF22D38B9C00DC4158 /* Resources */,
			);
			buildRules = (
			);
			dependencies = (
			);
			name = "Git-R-Done";
			productName = "Git-R-Done";
			productReference = B38906C122D38B9C00DC4158 /* Git-R-Done.app */;
			productType = "com.apple.product-type.application";
		};
		B38906D422D38B9D00DC4158 /* Git-R-DoneTests */ = {
			isa = PBXNativeTarget;
			buildConfigurationList = B38906EC22D38B9D00DC4158 /* Build configuration list for PBXNativeTarget "Git-R-DoneTests" */;
			buildPhases = (
				B38906D122D38B9D00DC4158 /* Sources */,
				B38906D222D38B9D00DC4158 /* Frameworks */,
				B38906D322D38B9D00DC4158 /* Resources */,
			);
			buildRules = (
			);
			dependencies = (
				B38906D722D38B9D00DC4158 /* PBXTargetDependency */,
			);
			name = "Git-R-DoneTests";
			productName = "Git-R-DoneTests";
			productReference = B38906D522D38B9D00DC4158 /* Git-R-DoneTests.xctest */;
			productType = "com.apple.product-type.bundle.unit-test";
		};
		B38906DF22D38B9D00DC4158 /* Git-R-DoneUITests */ = {
			isa = PBXNativeTarget;
			buildConfigurationList = B38906EF22D38B9D00DC4158 /* Build configuration list for PBXNativeTarget "Git-R-DoneUITests" */;
			buildPhases = (
				B38906DC22D38B9D00DC4158 /* Sources */,
				B38906DD22D38B9D00DC4158 /* Frameworks */,
				B38906DE22D38B9D00DC4158 /* Resources */,
			);
			buildRules = (
			);
			dependencies = (
				B38906E222D38B9D00DC4158 /* PBXTargetDependency */,
			);
			name = "Git-R-DoneUITests";
			productName = "Git-R-DoneUITests";
			productReference = B38906E022D38B9D00DC4158 /* Git-R-DoneUITests.xctest */;
			productType = "com.apple.product-type.bundle.ui-testing";
		};
/* End PBXNativeTarget section */

/* Begin PBXProject section */
		B38906B922D38B9C00DC4158 /* Project object */ = {
			isa = PBXProject;
			attributes = {
				LastSwiftUpdateCheck = 1020;
				LastUpgradeCheck = 1020;
				ORGANIZATIONNAME = "Dunni Dayo - Kayode";
				TargetAttributes = {
					B38906C022D38B9C00DC4158 = {
						CreatedOnToolsVersion = 10.2.1;
					};
					B38906D422D38B9D00DC4158 = {
						CreatedOnToolsVersion = 10.2.1;
						TestTargetID = B38906C022D38B9C00DC4158;
					};
					B38906DF22D38B9D00DC4158 = {
						CreatedOnToolsVersion = 10.2.1;
						TestTargetID = B38906C022D38B9C00DC4158;
					};
				};
			};
			buildConfigurationList = B38906BC22D38B9C00DC4158 /* Build configuration list for PBXProject "Git-R-Done" */;
			compatibilityVersion = "Xcode 9.3";
			developmentRegion = en;
			hasScannedForEncodings = 0;
			knownRegions = (
				en,
				Base,
			);
			mainGroup = B38906B822D38B9C00DC4158;
			productRefGroup = B38906C222D38B9C00DC4158 /* Products */;
			projectDirPath = "";
			projectRoot = "";
			targets = (
				B38906C022D38B9C00DC4158 /* Git-R-Done */,
				B38906D422D38B9D00DC4158 /* Git-R-DoneTests */,
				B38906DF22D38B9D00DC4158 /* Git-R-DoneUITests */,
			);
		};
/* End PBXProject section */

/* Begin PBXResourcesBuildPhase section */
		B38906BF22D38B9C00DC4158 /* Resources */ = {
			isa = PBXResourcesBuildPhase;
			buildActionMask = 2147483647;
			files = (
				B38906CF22D38B9D00DC4158 /* LaunchScreen.storyboard in Resources */,
				B38906CC22D38B9D00DC4158 /* Assets.xcassets in Resources */,
				B38906CA22D38B9C00DC4158 /* Main.storyboard in Resources */,
			);
			runOnlyForDeploymentPostprocessing = 0;
		};
		B38906D322D38B9D00DC4158 /* Resources */ = {
			isa = PBXResourcesBuildPhase;
			buildActionMask = 2147483647;
			files = (
			);
			runOnlyForDeploymentPostprocessing = 0;
		};
		B38906DE22D38B9D00DC4158 /* Resources */ = {
			isa = PBXResourcesBuildPhase;
			buildActionMask = 2147483647;
			files = (
			);
			runOnlyForDeploymentPostprocessing = 0;
		};
/* End PBXResourcesBuildPhase section */

/* Begin PBXSourcesBuildPhase section */
		B38906BD22D38B9C00DC4158 /* Sources */ = {
			isa = PBXSourcesBuildPhase;
			buildActionMask = 2147483647;
			files = (
				B38906C722D38B9C00DC4158 /* ViewController.swift in Sources */,
				B38906C522D38B9C00DC4158 /* AppDelegate.swift in Sources */,
			);
			runOnlyForDeploymentPostprocessing = 0;
		};
		B38906D122D38B9D00DC4158 /* Sources */ = {
			isa = PBXSourcesBuildPhase;
			buildActionMask = 2147483647;
			files = (
				B38906DA22D38B9D00DC4158 /* Git_R_DoneTests.swift in Sources */,
			);
			runOnlyForDeploymentPostprocessing = 0;
		};
		B38906DC22D38B9D00DC4158 /* Sources */ = {
			isa = PBXSourcesBuildPhase;
			buildActionMask = 2147483647;
			files = (
				B38906E522D38B9D00DC4158 /* Git_R_DoneUITests.swift in Sources */,
			);
			runOnlyForDeploymentPostprocessing = 0;
		};
/* End PBXSourcesBuildPhase section */

/* Begin PBXTargetDependency section */
		B38906D722D38B9D00DC4158 /* PBXTargetDependency */ = {
			isa = PBXTargetDependency;
			target = B38906C022D38B9C00DC4158 /* Git-R-Done */;
			targetProxy = B38906D622D38B9D00DC4158 /* PBXContainerItemProxy */;
		};
		B38906E222D38B9D00DC4158 /* PBXTargetDependency */ = {
			isa = PBXTargetDependency;
			target = B38906C022D38B9C00DC4158 /* Git-R-Done */;
			targetProxy = B38906E122D38B9D00DC4158 /* PBXContainerItemProxy */;
		};
/* End PBXTargetDependency section */

/* Begin PBXVariantGroup section */
		B38906C822D38B9C00DC4158 /* Main.storyboard */ = {
			isa = PBXVariantGroup;
			children = (
				B38906C922D38B9C00DC4158 /* Base */,
			);
			name = Main.storyboard;
			sourceTree = "<group>";
		};
		B38906CD22D38B9D00DC4158 /* LaunchScreen.storyboard */ = {
			isa = PBXVariantGroup;
			children = (
				B38906CE22D38B9D00DC4158 /* Base */,
			);
			name = LaunchScreen.storyboard;
			sourceTree = "<group>";
		};
/* End PBXVariantGroup section */

/* Begin XCBuildConfiguration section */
		B38906E722D38B9D00DC4158 /* Debug */ = {
			isa = XCBuildConfiguration;
			buildSettings = {
				ALWAYS_SEARCH_USER_PATHS = NO;
				CLANG_ANALYZER_NONNULL = YES;
				CLANG_ANALYZER_NUMBER_OBJECT_CONVERSION = YES_AGGRESSIVE;
				CLANG_CXX_LANGUAGE_STANDARD = "gnu++14";
				CLANG_CXX_LIBRARY = "libc++";
				CLANG_ENABLE_MODULES = YES;
				CLANG_ENABLE_OBJC_ARC = YES;
				CLANG_ENABLE_OBJC_WEAK = YES;
				CLANG_WARN_BLOCK_CAPTURE_AUTORELEASING = YES;
				CLANG_WARN_BOOL_CONVERSION = YES;
				CLANG_WARN_COMMA = YES;
				CLANG_WARN_CONSTANT_CONVERSION = YES;
				CLANG_WARN_DEPRECATED_OBJC_IMPLEMENTATIONS = YES;
				CLANG_WARN_DIRECT_OBJC_ISA_USAGE = YES_ERROR;
				CLANG_WARN_DOCUMENTATION_COMMENTS = YES;
				CLANG_WARN_EMPTY_BODY = YES;
				CLANG_WARN_ENUM_CONVERSION = YES;
				CLANG_WARN_INFINITE_RECURSION = YES;
				CLANG_WARN_INT_CONVERSION = YES;
				CLANG_WARN_NON_LITERAL_NULL_CONVERSION = YES;
				CLANG_WARN_OBJC_IMPLICIT_RETAIN_SELF = YES;
				CLANG_WARN_OBJC_LITERAL_CONVERSION = YES;
				CLANG_WARN_OBJC_ROOT_CLASS = YES_ERROR;
				CLANG_WARN_RANGE_LOOP_ANALYSIS = YES;
				CLANG_WARN_STRICT_PROTOTYPES = YES;
				CLANG_WARN_SUSPICIOUS_MOVE = YES;
				CLANG_WARN_UNGUARDED_AVAILABILITY = YES_AGGRESSIVE;
				CLANG_WARN_UNREACHABLE_CODE = YES;
				CLANG_WARN__DUPLICATE_METHOD_MATCH = YES;
				CODE_SIGN_IDENTITY = "iPhone Developer";
				COPY_PHASE_STRIP = NO;
				DEBUG_INFORMATION_FORMAT = dwarf;
				ENABLE_STRICT_OBJC_MSGSEND = YES;
				ENABLE_TESTABILITY = YES;
				GCC_C_LANGUAGE_STANDARD = gnu11;
				GCC_DYNAMIC_NO_PIC = NO;
				GCC_NO_COMMON_BLOCKS = YES;
				GCC_OPTIMIZATION_LEVEL = 0;
				GCC_PREPROCESSOR_DEFINITIONS = (
					"DEBUG=1",
					"$(inherited)",
				);
				GCC_WARN_64_TO_32_BIT_CONVERSION = YES;
				GCC_WARN_ABOUT_RETURN_TYPE = YES_ERROR;
				GCC_WARN_UNDECLARED_SELECTOR = YES;
				GCC_WARN_UNINITIALIZED_AUTOS = YES_AGGRESSIVE;
				GCC_WARN_UNUSED_FUNCTION = YES;
				GCC_WARN_UNUSED_VARIABLE = YES;
				IPHONEOS_DEPLOYMENT_TARGET = 12.2;
				MTL_ENABLE_DEBUG_INFO = INCLUDE_SOURCE;
				MTL_FAST_MATH = YES;
				ONLY_ACTIVE_ARCH = YES;
				SDKROOT = iphoneos;
				SWIFT_ACTIVE_COMPILATION_CONDITIONS = DEBUG;
				SWIFT_OPTIMIZATION_LEVEL = "-Onone";
			};
			name = Debug;
		};
		B38906E822D38B9D00DC4158 /* Release */ = {
			isa = XCBuildConfiguration;
			buildSettings = {
				ALWAYS_SEARCH_USER_PATHS = NO;
				CLANG_ANALYZER_NONNULL = YES;
				CLANG_ANALYZER_NUMBER_OBJECT_CONVERSION = YES_AGGRESSIVE;
				CLANG_CXX_LANGUAGE_STANDARD = "gnu++14";
				CLANG_CXX_LIBRARY = "libc++";
				CLANG_ENABLE_MODULES = YES;
				CLANG_ENABLE_OBJC_ARC = YES;
				CLANG_ENABLE_OBJC_WEAK = YES;
				CLANG_WARN_BLOCK_CAPTURE_AUTORELEASING = YES;
				CLANG_WARN_BOOL_CONVERSION = YES;
				CLANG_WARN_COMMA = YES;
				CLANG_WARN_CONSTANT_CONVERSION = YES;
				CLANG_WARN_DEPRECATED_OBJC_IMPLEMENTATIONS = YES;
				CLANG_WARN_DIRECT_OBJC_ISA_USAGE = YES_ERROR;
				CLANG_WARN_DOCUMENTATION_COMMENTS = YES;
				CLANG_WARN_EMPTY_BODY = YES;
				CLANG_WARN_ENUM_CONVERSION = YES;
				CLANG_WARN_INFINITE_RECURSION = YES;
				CLANG_WARN_INT_CONVERSION = YES;
				CLANG_WARN_NON_LITERAL_NULL_CONVERSION = YES;
				CLANG_WARN_OBJC_IMPLICIT_RETAIN_SELF = YES;
				CLANG_WARN_OBJC_LITERAL_CONVERSION = YES;
				CLANG_WARN_OBJC_ROOT_CLASS = YES_ERROR;
				CLANG_WARN_RANGE_LOOP_ANALYSIS = YES;
				CLANG_WARN_STRICT_PROTOTYPES = YES;
				CLANG_WARN_SUSPICIOUS_MOVE = YES;
				CLANG_WARN_UNGUARDED_AVAILABILITY = YES_AGGRESSIVE;
				CLANG_WARN_UNREACHABLE_CODE = YES;
				CLANG_WARN__DUPLICATE_METHOD_MATCH = YES;
				CODE_SIGN_IDENTITY = "iPhone Developer";
				COPY_PHASE_STRIP = NO;
				DEBUG_INFORMATION_FORMAT = "dwarf-with-dsym";
				ENABLE_NS_ASSERTIONS = NO;
				ENABLE_STRICT_OBJC_MSGSEND = YES;
				GCC_C_LANGUAGE_STANDARD = gnu11;
				GCC_NO_COMMON_BLOCKS = YES;
				GCC_WARN_64_TO_32_BIT_CONVERSION = YES;
				GCC_WARN_ABOUT_RETURN_TYPE = YES_ERROR;
				GCC_WARN_UNDECLARED_SELECTOR = YES;
				GCC_WARN_UNINITIALIZED_AUTOS = YES_AGGRESSIVE;
				GCC_WARN_UNUSED_FUNCTION = YES;
				GCC_WARN_UNUSED_VARIABLE = YES;
				IPHONEOS_DEPLOYMENT_TARGET = 12.2;
				MTL_ENABLE_DEBUG_INFO = NO;
				MTL_FAST_MATH = YES;
				SDKROOT = iphoneos;
				SWIFT_COMPILATION_MODE = wholemodule;
				SWIFT_OPTIMIZATION_LEVEL = "-O";
				VALIDATE_PRODUCT = YES;
			};
			name = Release;
		};
		B38906EA22D38B9D00DC4158 /* Debug */ = {
			isa = XCBuildConfiguration;
			buildSettings = {
				ASSETCATALOG_COMPILER_APPICON_NAME = AppIcon;
				CODE_SIGN_STYLE = Automatic;
				INFOPLIST_FILE = "Git-R-Done/Info.plist";
				LD_RUNPATH_SEARCH_PATHS = (
					"$(inherited)",
					"@executable_path/Frameworks",
				);
				PRODUCT_BUNDLE_IDENTIFIER = "Infinity-org..Git-R-Done";
				PRODUCT_NAME = "$(TARGET_NAME)";
				SWIFT_VERSION = 5.0;
				TARGETED_DEVICE_FAMILY = "1,2";
			};
			name = Debug;
		};
		B38906EB22D38B9D00DC4158 /* Release */ = {
			isa = XCBuildConfiguration;
			buildSettings = {
				ASSETCATALOG_COMPILER_APPICON_NAME = AppIcon;
				CODE_SIGN_STYLE = Automatic;
				INFOPLIST_FILE = "Git-R-Done/Info.plist";
				LD_RUNPATH_SEARCH_PATHS = (
					"$(inherited)",
					"@executable_path/Frameworks",
				);
				PRODUCT_BUNDLE_IDENTIFIER = "Infinity-org..Git-R-Done";
				PRODUCT_NAME = "$(TARGET_NAME)";
				SWIFT_VERSION = 5.0;
				TARGETED_DEVICE_FAMILY = "1,2";
			};
			name = Release;
		};
		B38906ED22D38B9D00DC4158 /* Debug */ = {
			isa = XCBuildConfiguration;
			buildSettings = {
				ALWAYS_EMBED_SWIFT_STANDARD_LIBRARIES = YES;
				BUNDLE_LOADER = "$(TEST_HOST)";
				CODE_SIGN_STYLE = Automatic;
				INFOPLIST_FILE = "Git-R-DoneTests/Info.plist";
				LD_RUNPATH_SEARCH_PATHS = (
					"$(inherited)",
					"@executable_path/Frameworks",
					"@loader_path/Frameworks",
				);
				PRODUCT_BUNDLE_IDENTIFIER = "Infinity-org..Git-R-DoneTests";
				PRODUCT_NAME = "$(TARGET_NAME)";
				SWIFT_VERSION = 5.0;
				TARGETED_DEVICE_FAMILY = "1,2";
				TEST_HOST = "$(BUILT_PRODUCTS_DIR)/Git-R-Done.app/Git-R-Done";
			};
			name = Debug;
		};
		B38906EE22D38B9D00DC4158 /* Release */ = {
			isa = XCBuildConfiguration;
			buildSettings = {
				ALWAYS_EMBED_SWIFT_STANDARD_LIBRARIES = YES;
				BUNDLE_LOADER = "$(TEST_HOST)";
				CODE_SIGN_STYLE = Automatic;
				INFOPLIST_FILE = "Git-R-DoneTests/Info.plist";
				LD_RUNPATH_SEARCH_PATHS = (
					"$(inherited)",
					"@executable_path/Frameworks",
					"@loader_path/Frameworks",
				);
				PRODUCT_BUNDLE_IDENTIFIER = "Infinity-org..Git-R-DoneTests";
				PRODUCT_NAME = "$(TARGET_NAME)";
				SWIFT_VERSION = 5.0;
				TARGETED_DEVICE_FAMILY = "1,2";
				TEST_HOST = "$(BUILT_PRODUCTS_DIR)/Git-R-Done.app/Git-R-Done";
			};
			name = Release;
		};
		B38906F022D38B9D00DC4158 /* Debug */ = {
			isa = XCBuildConfiguration;
			buildSettings = {
				ALWAYS_EMBED_SWIFT_STANDARD_LIBRARIES = YES;
				CODE_SIGN_STYLE = Automatic;
				INFOPLIST_FILE = "Git-R-DoneUITests/Info.plist";
				LD_RUNPATH_SEARCH_PATHS = (
					"$(inherited)",
					"@executable_path/Frameworks",
					"@loader_path/Frameworks",
				);
				PRODUCT_BUNDLE_IDENTIFIER = "Infinity-org..Git-R-DoneUITests";
				PRODUCT_NAME = "$(TARGET_NAME)";
				SWIFT_VERSION = 5.0;
				TARGETED_DEVICE_FAMILY = "1,2";
				TEST_TARGET_NAME = "Git-R-Done";
			};
			name = Debug;
		};
		B38906F122D38B9D00DC4158 /* Release */ = {
			isa = XCBuildConfiguration;
			buildSettings = {
				ALWAYS_EMBED_SWIFT_STANDARD_LIBRARIES = YES;
				CODE_SIGN_STYLE = Automatic;
				INFOPLIST_FILE = "Git-R-DoneUITests/Info.plist";
				LD_RUNPATH_SEARCH_PATHS = (
					"$(inherited)",
					"@executable_path/Frameworks",
					"@loader_path/Frameworks",
				);
				PRODUCT_BUNDLE_IDENTIFIER = "Infinity-org..Git-R-DoneUITests";
				PRODUCT_NAME = "$(TARGET_NAME)";
				SWIFT_VERSION = 5.0;
				TARGETED_DEVICE_FAMILY = "1,2";
				TEST_TARGET_NAME = "Git-R-Done";
			};
			name = Release;
		};
/* End XCBuildConfiguration section */

/* Begin XCConfigurationList section */
		B38906BC22D38B9C00DC4158 /* Build configuration list for PBXProject "Git-R-Done" */ = {
			isa = XCConfigurationList;
			buildConfigurations = (
				B38906E722D38B9D00DC4158 /* Debug */,
				B38906E822D38B9D00DC4158 /* Release */,
			);
			defaultConfigurationIsVisible = 0;
			defaultConfigurationName = Release;
		};
		B38906E922D38B9D00DC4158 /* Build configuration list for PBXNativeTarget "Git-R-Done" */ = {
			isa = XCConfigurationList;
			buildConfigurations = (
				B38906EA22D38B9D00DC4158 /* Debug */,
				B38906EB22D38B9D00DC4158 /* Release */,
			);
			defaultConfigurationIsVisible = 0;
			defaultConfigurationName = Release;
		};
		B38906EC22D38B9D00DC4158 /* Build configuration list for PBXNativeTarget "Git-R-DoneTests" */ = {
			isa = XCConfigurationList;
			buildConfigurations = (
				B38906ED22D38B9D00DC4158 /* Debug */,
				B38906EE22D38B9D00DC4158 /* Release */,
			);
			defaultConfigurationIsVisible = 0;
			defaultConfigurationName = Release;
		};
		B38906EF22D38B9D00DC4158 /* Build configuration list for PBXNativeTarget "Git-R-DoneUITests" */ = {
			isa = XCConfigurationList;
			buildConfigurations = (
				B38906F022D38B9D00DC4158 /* Debug */,
				B38906F122D38B9D00DC4158 /* Release */,
			);
			defaultConfigurationIsVisible = 0;
			defaultConfigurationName = Release;
		};
/* End XCConfigurationList section */
	};
	rootObject = B38906B922D38B9C00DC4158 /* Project object */;
}
